{
  "pins" : [
    {
      "identity" : "keylight-swift",
      "kind" : "remoteSourceControl",
      "location" : "https://github.com/Halloweedev/keylight-swift.git",
      "state" : {
        "revision" : "37d24fee3a844e46de3329da0eee3f46a253f62b",
        "version" : "0.3.2"
      }
    }
  ],
  "version" : 2
}
